
Microsoft Visual Studio Solution File, Format Version 12.00
# Visual Studio Version 17
VisualStudioVersion = 17.10.34916.146
MinimumVisualStudioVersion = 10.0.40219.1
Project("{FAE04EC0-301F-11D3-BF4B-00C04F79EFBC}") = "02_NumPrimo", "02_NumPrimo\02_NumPrimo.csproj", "{89E06549-36C3-44A6-8E28-880F0ACD9B83}"
EndProject
Global
	GlobalSection(SolutionConfigurationPlatforms) = preSolution
		Debug|Any CPU = Debug|Any CPU
		Release|Any CPU = Release|Any CPU
	EndGlobalSection
	GlobalSection(ProjectConfigurationPlatforms) = postSolution
		{89E06549-36C3-44A6-8E28-880F0ACD9B83}.Debug|Any CPU.ActiveCfg = Debug|Any CPU
		{89E06549-36C3-44A6-8E28-880F0ACD9B83}.Debug|Any CPU.Build.0 = Debug|Any CPU
		{89E06549-36C3-44A6-8E28-880F0ACD9B83}.Release|Any CPU.ActiveCfg = Release|Any CPU
		{89E06549-36C3-44A6-8E28-880F0ACD9B83}.Release|Any CPU.Build.0 = Release|Any CPU
	EndGlobalSection
	GlobalSection(SolutionProperties) = preSolution
		HideSolutionNode = FALSE
	EndGlobalSection
	GlobalSection(ExtensibilityGlobals) = postSolution
		SolutionGuid = {99E86A1B-4585-4696-A345-86280EA6D0D9}
	EndGlobalSection
EndGlobal
